
Microsoft Visual Studio Solution File, Format Version 12.00
# Visual Studio Version 16
VisualStudioVersion = 16.0.32228.343
MinimumVisualStudioVersion = 10.0.40219.1
Project("{FAE04EC0-301F-11D3-BF4B-00C04F79EFBC}") = "Sofa World", "Sofa World\Sofa World.csproj", "{23C7BDCA-103B-4D48-94B7-7D434C2089B2}"
EndProject
Global
	GlobalSection(SolutionConfigurationPlatforms) = preSolution
		Debug|Any CPU = Debug|Any CPU
		Release|Any CPU = Release|Any CPU
	EndGlobalSection
	GlobalSection(ProjectConfigurationPlatforms) = postSolution
		{23C7BDCA-103B-4D48-94B7-7D434C2089B2}.Debug|Any CPU.ActiveCfg = Debug|Any CPU
		{23C7BDCA-103B-4D48-94B7-7D434C2089B2}.Debug|Any CPU.Build.0 = Debug|Any CPU
		{23C7BDCA-103B-4D48-94B7-7D434C2089B2}.Release|Any CPU.ActiveCfg = Release|Any CPU
		{23C7BDCA-103B-4D48-94B7-7D434C2089B2}.Release|Any CPU.Build.0 = Release|Any CPU
	EndGlobalSection
	GlobalSection(SolutionProperties) = preSolution
		HideSolutionNode = FALSE
	EndGlobalSection
	GlobalSection(ExtensibilityGlobals) = postSolution
		SolutionGuid = {85B0CF43-7801-41E7-9CA9-E349C40CAAF9}
	EndGlobalSection
EndGlobal
